// !$*UTF8*$!
{
	archiveVersion = 1;
	classes = {
	};
	objectVersion = 77;
	objects = {

/* Begin PBXBuildFile section */
		0183549DFC7B5C56B5E0B75F /* ReaperApp.swift in Sources */ = {isa = PBXBuildFile; fileRef = 02535DFB2E24AF01017B3E4E /* ReaperApp.swift */; };
		246960DAD8654DD63B2545AF /* SettingsView.swift in Sources */ = {isa = PBXBuildFile; fileRef = B695AC99AF8F9A4052083D1C /* SettingsView.swift */; };
		30F737B4A95260C38F23D6ED /* MenuBarRendererTests.swift in Sources */ = {isa = PBXBuildFile; fileRef = C31E9CDCACE252068BE93A33 /* MenuBarRendererTests.swift */; };
		325F61C9C0F16F7725DE8B60 /* SettingsViewModel.swift in Sources */ = {isa = PBXBuildFile; fileRef = 019E2E8BEFB3D6EDC7D2694F /* SettingsViewModel.swift */; };
		3C7E4908A6EC7FF1D3FE68E7 /* MenuBarLabel.swift in Sources */ = {isa = PBXBuildFile; fileRef = BF7DA796F7F64C6204532D9A /* MenuBarLabel.swift */; };
		46DF9C2446AA1505ED4E9560 /* GlassBackground.swift in Sources */ = {isa = PBXBuildFile; fileRef = 6E4EB58C0C7CA3E2EBC53FF4 /* GlassBackground.swift */; };
		4755CB7FF08D516827425BED /* ProcessKillerTests.swift in Sources */ = {isa = PBXBuildFile; fileRef = 2E0669ACC15319BE9FBAB982 /* ProcessKillerTests.swift */; };
		5960B9745722CD899F2D1910 /* KeyboardShortcuts in Frameworks */ = {isa = PBXBuildFile; productRef = 078DB400CE8750B89B5863D8 /* KeyboardShortcuts */; };
		5B7C91FF1FBC1D2FBA597ECE /* ProcessRowView.swift in Sources */ = {isa = PBXBuildFile; fileRef = 41139568030E7AE7502FE8AC /* ProcessRowView.swift */; };
		616CD58930A16F94235DBEF0 /* UsageBar.swift in Sources */ = {isa = PBXBuildFile; fileRef = CA1FE9D0843B54EC16D19A87 /* UsageBar.swift */; };
		624BEACF67AE22692018C63F /* ProcessKiller.swift in Sources */ = {isa = PBXBuildFile; fileRef = F32CAE203CE1F840C1F9122B /* ProcessKiller.swift */; };
		64B4191B733FE1823ECD0091 /* HeaderView.swift in Sources */ = {isa = PBXBuildFile; fileRef = 132771EC7A1B088A383C73B0 /* HeaderView.swift */; };
		BB22CC33DD44EE55FF66AA11 /* ThreatLevel.swift in Sources */ = {isa = PBXBuildFile; fileRef = AA11BB22CC33DD44EE55FF66 /* ThreatLevel.swift */; };
		DD44EE55FF66AA11BB22CC33 /* ThreatGroupView.swift in Sources */ = {isa = PBXBuildFile; fileRef = CC33DD44EE55FF66AA11BB22 /* ThreatGroupView.swift */; };
		A1B2C3D4E5F60718293A4B5C /* HeatLevel.swift in Sources */ = {isa = PBXBuildFile; fileRef = A1B2C3D4E5F60718293A4B5D /* HeatLevel.swift */; };
		A1B2C3D4E5F60718293A4B6C /* HeatmapGridView.swift in Sources */ = {isa = PBXBuildFile; fileRef = A1B2C3D4E5F60718293A4B6D /* HeatmapGridView.swift */; };
		A1B2C3D4E5F60718293A4B7C /* HeatmapTileView.swift in Sources */ = {isa = PBXBuildFile; fileRef = A1B2C3D4E5F60718293A4B7D /* HeatmapTileView.swift */; };
		A1B2C3D4E5F60718293A4B8C /* ThermalOverviewBar.swift in Sources */ = {isa = PBXBuildFile; fileRef = A1B2C3D4E5F60718293A4B8D /* ThermalOverviewBar.swift */; };
		A1B2C3D4E5F60718293A4B9C /* MenuBarStyle.swift in Sources */ = {isa = PBXBuildFile; fileRef = A1B2C3D4E5F60718293A4B9D /* MenuBarStyle.swift */; };
		A1B2C3D4E5F60718293A4BAC /* TileLayout.swift in Sources */ = {isa = PBXBuildFile; fileRef = A1B2C3D4E5F60718293A4BAD /* TileLayout.swift */; };
		EE55FF66AA11BB22CC33DD44 /* CPUSmoothingTests.swift in Sources */ = {isa = PBXBuildFile; fileRef = FF66AA11BB22CC33DD44EE55 /* CPUSmoothingTests.swift */; };
		1166AA11BB22CC33DD44EE55 /* CPUSmoother.swift in Sources */ = {isa = PBXBuildFile; fileRef = 2266AA11BB22CC33DD44EE55 /* CPUSmoother.swift */; };
		70484DB2468B8E7E6DE097A2 /* ContentView.swift in Sources */ = {isa = PBXBuildFile; fileRef = 8D82BD2638571BB0DC4025FD /* ContentView.swift */; };
		70FCD9C490782C83B2A6A505 /* FormattersTests.swift in Sources */ = {isa = PBXBuildFile; fileRef = 072E935C9171325788E13173 /* FormattersTests.swift */; };
		783529FE0525E2182348DE01 /* ProcessInfoTests.swift in Sources */ = {isa = PBXBuildFile; fileRef = 71A0A956988368A8DC8DDAF3 /* ProcessInfoTests.swift */; };
		8175508D38BD563E08981E9A /* Formatters.swift in Sources */ = {isa = PBXBuildFile; fileRef = 753E942FEEC266E892DB4DA6 /* Formatters.swift */; };
		819E8492250FF70417F24C56 /* ProcessGroupView.swift in Sources */ = {isa = PBXBuildFile; fileRef = 3D6AF2FCD45AFC0239D726AB /* ProcessGroupView.swift */; };
		95444BE7BB4D4F6D51628A55 /* ProcessInfo.swift in Sources */ = {isa = PBXBuildFile; fileRef = B984ADDBD7451A79B448B800 /* ProcessInfo.swift */; };
		9883DE79CB938DF90524552E /* UpdaterService.swift in Sources */ = {isa = PBXBuildFile; fileRef = F33E2B2FF6A3EF7B0F6FBF22 /* UpdaterService.swift */; };
		A026D9D17BDB7183E583EB09 /* Sparkle in Frameworks */ = {isa = PBXBuildFile; productRef = 1E2549C4FAF9C7D142A69C48 /* Sparkle */; };
		A0E2FA0E7AE05FA868044415 /* Assets.xcassets in Resources */ = {isa = PBXBuildFile; fileRef = B7C9C1E516BE5583B41E9F37 /* Assets.xcassets */; };
		B1AEDC48F83CEC12DCC3D629 /* HotkeyManager.swift in Sources */ = {isa = PBXBuildFile; fileRef = DB9687DD60EA6C72B8561235 /* HotkeyManager.swift */; };
		D68DA591BACE940622D5BF54 /* SortOrder.swift in Sources */ = {isa = PBXBuildFile; fileRef = D113CB18C4D129B687EDE091 /* SortOrder.swift */; };
		DA3B854D26BE112E9EFBADF1 /* SystemStats.swift in Sources */ = {isa = PBXBuildFile; fileRef = 33445D829F8B7284967778BC /* SystemStats.swift */; };
		DBC989C26E2E5DD0FA3B5A19 /* ProcessGroupTests.swift in Sources */ = {isa = PBXBuildFile; fileRef = F04155E41B89E9D5B30CA78A /* ProcessGroupTests.swift */; };
		EAF7BC6E43800BF935A1A1DD /* KillButton.swift in Sources */ = {isa = PBXBuildFile; fileRef = 72A6EBF6C5EBEE11064AC31B /* KillButton.swift */; };
		EB6E7F738750967152F14385 /* SortOrderTests.swift in Sources */ = {isa = PBXBuildFile; fileRef = E0945F483AEEDBCF050F3D68 /* SortOrderTests.swift */; };
		F287425CAFF242B6252E3EBE /* ProcessMonitor.swift in Sources */ = {isa = PBXBuildFile; fileRef = E8E6F2CFDB4628F6B755CDB9 /* ProcessMonitor.swift */; };
		F44F8CADD0D0C9421D75180A /* ProcessGroup.swift in Sources */ = {isa = PBXBuildFile; fileRef = DE9A1C3788BB71740BC36C0C /* ProcessGroup.swift */; };
		F7BD0051160622A500BEEF46 /* ProcessListViewModel.swift in Sources */ = {isa = PBXBuildFile; fileRef = 16CE9B2AAC922670FA6095F5 /* ProcessListViewModel.swift */; };
/* End PBXBuildFile section */

/* Begin PBXContainerItemProxy section */
		79FC014FB7AD8E6A41C345B6 /* PBXContainerItemProxy */ = {
			isa = PBXContainerItemProxy;
			containerPortal = 9956C294E49E420777F45699 /* Project object */;
			proxyType = 1;
			remoteGlobalIDString = E50F2941973D1D73E978DACF;
			remoteInfo = Reaper;
		};
/* End PBXContainerItemProxy section */

/* Begin PBXFileReference section */
		019E2E8BEFB3D6EDC7D2694F /* SettingsViewModel.swift */ = {isa = PBXFileReference; lastKnownFileType = sourcecode.swift; path = SettingsViewModel.swift; sourceTree = "<group>"; };
		02535DFB2E24AF01017B3E4E /* ReaperApp.swift */ = {isa = PBXFileReference; lastKnownFileType = sourcecode.swift; path = ReaperApp.swift; sourceTree = "<group>"; };
		072E935C9171325788E13173 /* FormattersTests.swift */ = {isa = PBXFileReference; lastKnownFileType = sourcecode.swift; path = FormattersTests.swift; sourceTree = "<group>"; };
		132771EC7A1B088A383C73B0 /* HeaderView.swift */ = {isa = PBXFileReference; lastKnownFileType = sourcecode.swift; path = HeaderView.swift; sourceTree = "<group>"; };
		16CE9B2AAC922670FA6095F5 /* ProcessListViewModel.swift */ = {isa = PBXFileReference; lastKnownFileType = sourcecode.swift; path = ProcessListViewModel.swift; sourceTree = "<group>"; };
		2E0669ACC15319BE9FBAB982 /* ProcessKillerTests.swift */ = {isa = PBXFileReference; lastKnownFileType = sourcecode.swift; path = ProcessKillerTests.swift; sourceTree = "<group>"; };
		33445D829F8B7284967778BC /* SystemStats.swift */ = {isa = PBXFileReference; lastKnownFileType = sourcecode.swift; path = SystemStats.swift; sourceTree = "<group>"; };
		3D6AF2FCD45AFC0239D726AB /* ProcessGroupView.swift */ = {isa = PBXFileReference; lastKnownFileType = sourcecode.swift; path = ProcessGroupView.swift; sourceTree = "<group>"; };
		41139568030E7AE7502FE8AC /* ProcessRowView.swift */ = {isa = PBXFileReference; lastKnownFileType = sourcecode.swift; path = ProcessRowView.swift; sourceTree = "<group>"; };
		6C3EA78F63C24EB16C60B378 /* Reaper.entitlements */ = {isa = PBXFileReference; lastKnownFileType = text.plist.entitlements; path = Reaper.entitlements; sourceTree = "<group>"; };
		6E4EB58C0C7CA3E2EBC53FF4 /* GlassBackground.swift */ = {isa = PBXFileReference; lastKnownFileType = sourcecode.swift; path = GlassBackground.swift; sourceTree = "<group>"; };
		71A0A956988368A8DC8DDAF3 /* ProcessInfoTests.swift */ = {isa = PBXFileReference; lastKnownFileType = sourcecode.swift; path = ProcessInfoTests.swift; sourceTree = "<group>"; };
		72A6EBF6C5EBEE11064AC31B /* KillButton.swift */ = {isa = PBXFileReference; lastKnownFileType = sourcecode.swift; path = KillButton.swift; sourceTree = "<group>"; };
		753E942FEEC266E892DB4DA6 /* Formatters.swift */ = {isa = PBXFileReference; lastKnownFileType = sourcecode.swift; path = Formatters.swift; sourceTree = "<group>"; };
		779A6D575110975AD3FFBC2F /* Reaper.app */ = {isa = PBXFileReference; explicitFileType = wrapper.application; includeInIndex = 0; path = Reaper.app; sourceTree = BUILT_PRODUCTS_DIR; };
		871515AED850B06EBA1F5CC4 /* ReaperTests.xctest */ = {isa = PBXFileReference; explicitFileType = wrapper.cfbundle; includeInIndex = 0; path = ReaperTests.xctest; sourceTree = BUILT_PRODUCTS_DIR; };
		8D82BD2638571BB0DC4025FD /* ContentView.swift */ = {isa = PBXFileReference; lastKnownFileType = sourcecode.swift; path = ContentView.swift; sourceTree = "<group>"; };
		AA11BB22CC33DD44EE55FF66 /* ThreatLevel.swift */ = {isa = PBXFileReference; lastKnownFileType = sourcecode.swift; path = ThreatLevel.swift; sourceTree = "<group>"; };
		CC33DD44EE55FF66AA11BB22 /* ThreatGroupView.swift */ = {isa = PBXFileReference; lastKnownFileType = sourcecode.swift; path = ThreatGroupView.swift; sourceTree = "<group>"; };
		FF66AA11BB22CC33DD44EE55 /* CPUSmoothingTests.swift */ = {isa = PBXFileReference; lastKnownFileType = sourcecode.swift; path = CPUSmoothingTests.swift; sourceTree = "<group>"; };
		2266AA11BB22CC33DD44EE55 /* CPUSmoother.swift */ = {isa = PBXFileReference; lastKnownFileType = sourcecode.swift; path = CPUSmoother.swift; sourceTree = "<group>"; };
		B695AC99AF8F9A4052083D1C /* SettingsView.swift */ = {isa = PBXFileReference; lastKnownFileType = sourcecode.swift; path = SettingsView.swift; sourceTree = "<group>"; };
		B7C9C1E516BE5583B41E9F37 /* Assets.xcassets */ = {isa = PBXFileReference; lastKnownFileType = folder.assetcatalog; path = Assets.xcassets; sourceTree = "<group>"; };
		B984ADDBD7451A79B448B800 /* ProcessInfo.swift */ = {isa = PBXFileReference; lastKnownFileType = sourcecode.swift; path = ProcessInfo.swift; sourceTree = "<group>"; };
		BF7DA796F7F64C6204532D9A /* MenuBarLabel.swift */ = {isa = PBXFileReference; lastKnownFileType = sourcecode.swift; path = MenuBarLabel.swift; sourceTree = "<group>"; };
		C31E9CDCACE252068BE93A33 /* MenuBarRendererTests.swift */ = {isa = PBXFileReference; lastKnownFileType = sourcecode.swift; path = MenuBarRendererTests.swift; sourceTree = "<group>"; };
		CA1FE9D0843B54EC16D19A87 /* UsageBar.swift */ = {isa = PBXFileReference; lastKnownFileType = sourcecode.swift; path = UsageBar.swift; sourceTree = "<group>"; };
		D113CB18C4D129B687EDE091 /* SortOrder.swift */ = {isa = PBXFileReference; lastKnownFileType = sourcecode.swift; path = SortOrder.swift; sourceTree = "<group>"; };
		DB9687DD60EA6C72B8561235 /* HotkeyManager.swift */ = {isa = PBXFileReference; lastKnownFileType = sourcecode.swift; path = HotkeyManager.swift; sourceTree = "<group>"; };
		DE9A1C3788BB71740BC36C0C /* ProcessGroup.swift */ = {isa = PBXFileReference; lastKnownFileType = sourcecode.swift; path = ProcessGroup.swift; sourceTree = "<group>"; };
		E0945F483AEEDBCF050F3D68 /* SortOrderTests.swift */ = {isa = PBXFileReference; lastKnownFileType = sourcecode.swift; path = SortOrderTests.swift; sourceTree = "<group>"; };
		E8E6F2CFDB4628F6B755CDB9 /* ProcessMonitor.swift */ = {isa = PBXFileReference; lastKnownFileType = sourcecode.swift; path = ProcessMonitor.swift; sourceTree = "<group>"; };
		ED331489BDC99707A65930BE /* Info.plist */ = {isa = PBXFileReference; lastKnownFileType = text.plist; path = Info.plist; sourceTree = "<group>"; };
		F04155E41B89E9D5B30CA78A /* ProcessGroupTests.swift */ = {isa = PBXFileReference; lastKnownFileType = sourcecode.swift; path = ProcessGroupTests.swift; sourceTree = "<group>"; };
		F32CAE203CE1F840C1F9122B /* ProcessKiller.swift */ = {isa = PBXFileReference; lastKnownFileType = sourcecode.swift; path = ProcessKiller.swift; sourceTree = "<group>"; };
		F33E2B2FF6A3EF7B0F6FBF22 /* UpdaterService.swift */ = {isa = PBXFileReference; lastKnownFileType = sourcecode.swift; path = UpdaterService.swift; sourceTree = "<group>"; };
		A1B2C3D4E5F60718293A4B5D /* HeatLevel.swift */ = {isa = PBXFileReference; lastKnownFileType = sourcecode.swift; path = HeatLevel.swift; sourceTree = "<group>"; };
		A1B2C3D4E5F60718293A4B6D /* HeatmapGridView.swift */ = {isa = PBXFileReference; lastKnownFileType = sourcecode.swift; path = HeatmapGridView.swift; sourceTree = "<group>"; };
		A1B2C3D4E5F60718293A4B7D /* HeatmapTileView.swift */ = {isa = PBXFileReference; lastKnownFileType = sourcecode.swift; path = HeatmapTileView.swift; sourceTree = "<group>"; };
		A1B2C3D4E5F60718293A4B8D /* ThermalOverviewBar.swift */ = {isa = PBXFileReference; lastKnownFileType = sourcecode.swift; path = ThermalOverviewBar.swift; sourceTree = "<group>"; };
		A1B2C3D4E5F60718293A4B9D /* MenuBarStyle.swift */ = {isa = PBXFileReference; lastKnownFileType = sourcecode.swift; path = MenuBarStyle.swift; sourceTree = "<group>"; };
		A1B2C3D4E5F60718293A4BAD /* TileLayout.swift */ = {isa = PBXFileReference; lastKnownFileType = sourcecode.swift; path = TileLayout.swift; sourceTree = "<group>"; };
/* End PBXFileReference section */

/* Begin PBXFrameworksBuildPhase section */
		F3C43DBF83D07FC3D076D150 /* Frameworks */ = {
			isa = PBXFrameworksBuildPhase;
			buildActionMask = 2147483647;
			files = (
				5960B9745722CD899F2D1910 /* KeyboardShortcuts in Frameworks */,
				A026D9D17BDB7183E583EB09 /* Sparkle in Frameworks */,
			);
			runOnlyForDeploymentPostprocessing = 0;
		};
/* End PBXFrameworksBuildPhase section */

/* Begin PBXGroup section */
		1B016BF4DAF9E6BCDDFB9B59 /* Models */ = {
			isa = PBXGroup;
			children = (
				A1B2C3D4E5F60718293A4B5D /* HeatLevel.swift */,
				A1B2C3D4E5F60718293A4B9D /* MenuBarStyle.swift */,
				DE9A1C3788BB71740BC36C0C /* ProcessGroup.swift */,
				B984ADDBD7451A79B448B800 /* ProcessInfo.swift */,
				D113CB18C4D129B687EDE091 /* SortOrder.swift */,
				AA11BB22CC33DD44EE55FF66 /* ThreatLevel.swift */,
				A1B2C3D4E5F60718293A4BAD /* TileLayout.swift */,
			);
			path = Models;
			sourceTree = "<group>";
		};
		1D9AE8CEE659183DEE8B8CA9 /* ReaperTests */ = {
			isa = PBXGroup;
			children = (
				FF66AA11BB22CC33DD44EE55 /* CPUSmoothingTests.swift */,
				072E935C9171325788E13173 /* FormattersTests.swift */,
				C31E9CDCACE252068BE93A33 /* MenuBarRendererTests.swift */,
				F04155E41B89E9D5B30CA78A /* ProcessGroupTests.swift */,
				71A0A956988368A8DC8DDAF3 /* ProcessInfoTests.swift */,
				2E0669ACC15319BE9FBAB982 /* ProcessKillerTests.swift */,
				E0945F483AEEDBCF050F3D68 /* SortOrderTests.swift */,
			);
			path = ReaperTests;
			sourceTree = "<group>";
		};
		4A677F2DF73FB740322693D6 /* Services */ = {
			isa = PBXGroup;
			children = (
				2266AA11BB22CC33DD44EE55 /* CPUSmoother.swift */,
				DB9687DD60EA6C72B8561235 /* HotkeyManager.swift */,
				F32CAE203CE1F840C1F9122B /* ProcessKiller.swift */,
				E8E6F2CFDB4628F6B755CDB9 /* ProcessMonitor.swift */,
				33445D829F8B7284967778BC /* SystemStats.swift */,
				F33E2B2FF6A3EF7B0F6FBF22 /* UpdaterService.swift */,
			);
			path = Services;
			sourceTree = "<group>";
		};
		57E7AD03204CB85857F8DA35 /* Reaper */ = {
			isa = PBXGroup;
			children = (
				B7C9C1E516BE5583B41E9F37 /* Assets.xcassets */,
				ED331489BDC99707A65930BE /* Info.plist */,
				6C3EA78F63C24EB16C60B378 /* Reaper.entitlements */,
				02535DFB2E24AF01017B3E4E /* ReaperApp.swift */,
				FFE3F32D9818F671BE22B466 /* Helpers */,
				1B016BF4DAF9E6BCDDFB9B59 /* Models */,
				4A677F2DF73FB740322693D6 /* Services */,
				F33D5D305DA4B4392C314C14 /* ViewModels */,
				EBE99074D878E98548B8FB55 /* Views */,
			);
			path = Reaper;
			sourceTree = "<group>";
		};
		5D1EF89AC4244AE096ED6B00 /* Components */ = {
			isa = PBXGroup;
			children = (
				6E4EB58C0C7CA3E2EBC53FF4 /* GlassBackground.swift */,
				72A6EBF6C5EBEE11064AC31B /* KillButton.swift */,
				CA1FE9D0843B54EC16D19A87 /* UsageBar.swift */,
			);
			path = Components;
			sourceTree = "<group>";
		};
		90A4C600627D0E65EA046560 = {
			isa = PBXGroup;
			children = (
				57E7AD03204CB85857F8DA35 /* Reaper */,
				1D9AE8CEE659183DEE8B8CA9 /* ReaperTests */,
				E1CF5AB1BB3958D78099FBC1 /* Products */,
			);
			sourceTree = "<group>";
		};
		E1CF5AB1BB3958D78099FBC1 /* Products */ = {
			isa = PBXGroup;
			children = (
				779A6D575110975AD3FFBC2F /* Reaper.app */,
				871515AED850B06EBA1F5CC4 /* ReaperTests.xctest */,
			);
			name = Products;
			sourceTree = "<group>";
		};
		EBE99074D878E98548B8FB55 /* Views */ = {
			isa = PBXGroup;
			children = (
				8D82BD2638571BB0DC4025FD /* ContentView.swift */,
				132771EC7A1B088A383C73B0 /* HeaderView.swift */,
				A1B2C3D4E5F60718293A4B6D /* HeatmapGridView.swift */,
				A1B2C3D4E5F60718293A4B7D /* HeatmapTileView.swift */,
				BF7DA796F7F64C6204532D9A /* MenuBarLabel.swift */,
				3D6AF2FCD45AFC0239D726AB /* ProcessGroupView.swift */,
				41139568030E7AE7502FE8AC /* ProcessRowView.swift */,
				B695AC99AF8F9A4052083D1C /* SettingsView.swift */,
				A1B2C3D4E5F60718293A4B8D /* ThermalOverviewBar.swift */,
				CC33DD44EE55FF66AA11BB22 /* ThreatGroupView.swift */,
				5D1EF89AC4244AE096ED6B00 /* Components */,
			);
			path = Views;
			sourceTree = "<group>";
		};
		F33D5D305DA4B4392C314C14 /* ViewModels */ = {
			isa = PBXGroup;
			children = (
				16CE9B2AAC922670FA6095F5 /* ProcessListViewModel.swift */,
				019E2E8BEFB3D6EDC7D2694F /* SettingsViewModel.swift */,
			);
			path = ViewModels;
			sourceTree = "<group>";
		};
		FFE3F32D9818F671BE22B466 /* Helpers */ = {
			isa = PBXGroup;
			children = (
				753E942FEEC266E892DB4DA6 /* Formatters.swift */,
			);
			path = Helpers;
			sourceTree = "<group>";
		};
/* End PBXGroup section */

/* Begin PBXNativeTarget section */
		64265E9FC867803FFC1D9DF1 /* ReaperTests */ = {
			isa = PBXNativeTarget;
			buildConfigurationList = E9957B27A85DBD79DBE588E9 /* Build configuration list for PBXNativeTarget "ReaperTests" */;
			buildPhases = (
				96E9917EBC6873C9AC1F321D /* Sources */,
			);
			buildRules = (
			);
			dependencies = (
				406FF51B5816E78A90A8C502 /* PBXTargetDependency */,
			);
			name = ReaperTests;
			packageProductDependencies = (
			);
			productName = ReaperTests;
			productReference = 871515AED850B06EBA1F5CC4 /* ReaperTests.xctest */;
			productType = "com.apple.product-type.bundle.unit-test";
		};
		E50F2941973D1D73E978DACF /* Reaper */ = {
			isa = PBXNativeTarget;
			buildConfigurationList = 428C24F1268CAC673267AEAA /* Build configuration list for PBXNativeTarget "Reaper" */;
			buildPhases = (
				C2E3206986525F61AA392C06 /* Sources */,
				B6B22F79182BF501FAE2DDF7 /* Resources */,
				F3C43DBF83D07FC3D076D150 /* Frameworks */,
			);
			buildRules = (
			);
			dependencies = (
			);
			name = Reaper;
			packageProductDependencies = (
				078DB400CE8750B89B5863D8 /* KeyboardShortcuts */,
				1E2549C4FAF9C7D142A69C48 /* Sparkle */,
			);
			productName = Reaper;
			productReference = 779A6D575110975AD3FFBC2F /* Reaper.app */;
			productType = "com.apple.product-type.application";
		};
/* End PBXNativeTarget section */

/* Begin PBXProject section */
		9956C294E49E420777F45699 /* Project object */ = {
			isa = PBXProject;
			attributes = {
				BuildIndependentTargetsInParallel = YES;
				LastUpgradeCheck = 1430;
				TargetAttributes = {
					E50F2941973D1D73E978DACF = {
						ProvisioningStyle = Manual;
					};
				};
			};
			buildConfigurationList = 01446E8564A938632542225B /* Build configuration list for PBXProject "Reaper" */;
			compatibilityVersion = "Xcode 14.0";
			developmentRegion = en;
			hasScannedForEncodings = 0;
			knownRegions = (
				Base,
				en,
			);
			mainGroup = 90A4C600627D0E65EA046560;
			minimizedProjectReferenceProxies = 1;
			packageReferences = (
				75E7E43B1CF799D1DBF9C2F5 /* XCRemoteSwiftPackageReference "KeyboardShortcuts" */,
				D1834BC32284D10B941CC182 /* XCRemoteSwiftPackageReference "Sparkle" */,
			);
			preferredProjectObjectVersion = 77;
			projectDirPath = "";
			projectRoot = "";
			targets = (
				E50F2941973D1D73E978DACF /* Reaper */,
				64265E9FC867803FFC1D9DF1 /* ReaperTests */,
			);
		};
/* End PBXProject section */

/* Begin PBXResourcesBuildPhase section */
		B6B22F79182BF501FAE2DDF7 /* Resources */ = {
			isa = PBXResourcesBuildPhase;
			buildActionMask = 2147483647;
			files = (
				A0E2FA0E7AE05FA868044415 /* Assets.xcassets in Resources */,
			);
			runOnlyForDeploymentPostprocessing = 0;
		};
/* End PBXResourcesBuildPhase section */

/* Begin PBXSourcesBuildPhase section */
		96E9917EBC6873C9AC1F321D /* Sources */ = {
			isa = PBXSourcesBuildPhase;
			buildActionMask = 2147483647;
			files = (
				EE55FF66AA11BB22CC33DD44 /* CPUSmoothingTests.swift in Sources */,
				70FCD9C490782C83B2A6A505 /* FormattersTests.swift in Sources */,
				30F737B4A95260C38F23D6ED /* MenuBarRendererTests.swift in Sources */,
				DBC989C26E2E5DD0FA3B5A19 /* ProcessGroupTests.swift in Sources */,
				783529FE0525E2182348DE01 /* ProcessInfoTests.swift in Sources */,
				4755CB7FF08D516827425BED /* ProcessKillerTests.swift in Sources */,
				EB6E7F738750967152F14385 /* SortOrderTests.swift in Sources */,
			);
			runOnlyForDeploymentPostprocessing = 0;
		};
		C2E3206986525F61AA392C06 /* Sources */ = {
			isa = PBXSourcesBuildPhase;
			buildActionMask = 2147483647;
			files = (
				70484DB2468B8E7E6DE097A2 /* ContentView.swift in Sources */,
				8175508D38BD563E08981E9A /* Formatters.swift in Sources */,
				1166AA11BB22CC33DD44EE55 /* CPUSmoother.swift in Sources */,
				46DF9C2446AA1505ED4E9560 /* GlassBackground.swift in Sources */,
				64B4191B733FE1823ECD0091 /* HeaderView.swift in Sources */,
				B1AEDC48F83CEC12DCC3D629 /* HotkeyManager.swift in Sources */,
				EAF7BC6E43800BF935A1A1DD /* KillButton.swift in Sources */,
				3C7E4908A6EC7FF1D3FE68E7 /* MenuBarLabel.swift in Sources */,
				F44F8CADD0D0C9421D75180A /* ProcessGroup.swift in Sources */,
				819E8492250FF70417F24C56 /* ProcessGroupView.swift in Sources */,
				95444BE7BB4D4F6D51628A55 /* ProcessInfo.swift in Sources */,
				624BEACF67AE22692018C63F /* ProcessKiller.swift in Sources */,
				F7BD0051160622A500BEEF46 /* ProcessListViewModel.swift in Sources */,
				F287425CAFF242B6252E3EBE /* ProcessMonitor.swift in Sources */,
				5B7C91FF1FBC1D2FBA597ECE /* ProcessRowView.swift in Sources */,
				0183549DFC7B5C56B5E0B75F /* ReaperApp.swift in Sources */,
				246960DAD8654DD63B2545AF /* SettingsView.swift in Sources */,
				325F61C9C0F16F7725DE8B60 /* SettingsViewModel.swift in Sources */,
				D68DA591BACE940622D5BF54 /* SortOrder.swift in Sources */,
				DA3B854D26BE112E9EFBADF1 /* SystemStats.swift in Sources */,
				BB22CC33DD44EE55FF66AA11 /* ThreatLevel.swift in Sources */,
				DD44EE55FF66AA11BB22CC33 /* ThreatGroupView.swift in Sources */,
				9883DE79CB938DF90524552E /* UpdaterService.swift in Sources */,
				616CD58930A16F94235DBEF0 /* UsageBar.swift in Sources */,
				A1B2C3D4E5F60718293A4B5C /* HeatLevel.swift in Sources */,
				A1B2C3D4E5F60718293A4B6C /* HeatmapGridView.swift in Sources */,
				A1B2C3D4E5F60718293A4B7C /* HeatmapTileView.swift in Sources */,
				A1B2C3D4E5F60718293A4B8C /* ThermalOverviewBar.swift in Sources */,
				A1B2C3D4E5F60718293A4B9C /* MenuBarStyle.swift in Sources */,
				A1B2C3D4E5F60718293A4BAC /* TileLayout.swift in Sources */,
			);
			runOnlyForDeploymentPostprocessing = 0;
		};
/* End PBXSourcesBuildPhase section */

/* Begin PBXTargetDependency section */
		406FF51B5816E78A90A8C502 /* PBXTargetDependency */ = {
			isa = PBXTargetDependency;
			target = E50F2941973D1D73E978DACF /* Reaper */;
			targetProxy = 79FC014FB7AD8E6A41C345B6 /* PBXContainerItemProxy */;
		};
/* End PBXTargetDependency section */

/* Begin XCBuildConfiguration section */
		4949B274D62D68E54991DD50 /* Release */ = {
			isa = XCBuildConfiguration;
			buildSettings = {
				ALWAYS_SEARCH_USER_PATHS = NO;
				CLANG_ANALYZER_NONNULL = YES;
				CLANG_ANALYZER_NUMBER_OBJECT_CONVERSION = YES_AGGRESSIVE;
				CLANG_CXX_LANGUAGE_STANDARD = "gnu++14";
				CLANG_CXX_LIBRARY = "libc++";
				CLANG_ENABLE_MODULES = YES;
				CLANG_ENABLE_OBJC_ARC = YES;
				CLANG_ENABLE_OBJC_WEAK = YES;
				CLANG_WARN_BLOCK_CAPTURE_AUTORELEASING = YES;
				CLANG_WARN_BOOL_CONVERSION = YES;
				CLANG_WARN_COMMA = YES;
				CLANG_WARN_CONSTANT_CONVERSION = YES;
				CLANG_WARN_DEPRECATED_OBJC_IMPLEMENTATIONS = YES;
				CLANG_WARN_DIRECT_OBJC_ISA_USAGE = YES_ERROR;
				CLANG_WARN_DOCUMENTATION_COMMENTS = YES;
				CLANG_WARN_EMPTY_BODY = YES;
				CLANG_WARN_ENUM_CONVERSION = YES;
				CLANG_WARN_INFINITE_RECURSION = YES;
				CLANG_WARN_INT_CONVERSION = YES;
				CLANG_WARN_NON_LITERAL_NULL_CONVERSION = YES;
				CLANG_WARN_OBJC_IMPLICIT_RETAIN_SELF = YES;
				CLANG_WARN_OBJC_LITERAL_CONVERSION = YES;
				CLANG_WARN_OBJC_ROOT_CLASS = YES_ERROR;
				CLANG_WARN_QUOTED_INCLUDE_IN_FRAMEWORK_HEADER = YES;
				CLANG_WARN_RANGE_LOOP_ANALYSIS = YES;
				CLANG_WARN_STRICT_PROTOTYPES = YES;
				CLANG_WARN_SUSPICIOUS_MOVE = YES;
				CLANG_WARN_UNGUARDED_AVAILABILITY = YES_AGGRESSIVE;
				CLANG_WARN_UNREACHABLE_CODE = YES;
				CLANG_WARN__DUPLICATE_METHOD_MATCH = YES;
				COPY_PHASE_STRIP = NO;
				DEBUG_INFORMATION_FORMAT = "dwarf-with-dsym";
				ENABLE_NS_ASSERTIONS = NO;
				ENABLE_STRICT_OBJC_MSGSEND = YES;
				GCC_C_LANGUAGE_STANDARD = gnu11;
				GCC_NO_COMMON_BLOCKS = YES;
				GCC_WARN_64_TO_32_BIT_CONVERSION = YES;
				GCC_WARN_ABOUT_RETURN_TYPE = YES_ERROR;
				GCC_WARN_UNDECLARED_SELECTOR = YES;
				GCC_WARN_UNINITIALIZED_AUTOS = YES_AGGRESSIVE;
				GCC_WARN_UNUSED_FUNCTION = YES;
				GCC_WARN_UNUSED_VARIABLE = YES;
				MACOSX_DEPLOYMENT_TARGET = 14.0;
				MTL_ENABLE_DEBUG_INFO = NO;
				MTL_FAST_MATH = YES;
				PRODUCT_NAME = "$(TARGET_NAME)";
				SDKROOT = macosx;
				SWIFT_COMPILATION_MODE = wholemodule;
				SWIFT_OPTIMIZATION_LEVEL = "-O";
				SWIFT_VERSION = 5.0;
			};
			name = Release;
		};
		6CDD785A2DE8F24A2CD7C355 /* Debug */ = {
			isa = XCBuildConfiguration;
			buildSettings = {
				ALWAYS_SEARCH_USER_PATHS = NO;
				CLANG_ANALYZER_NONNULL = YES;
				CLANG_ANALYZER_NUMBER_OBJECT_CONVERSION = YES_AGGRESSIVE;
				CLANG_CXX_LANGUAGE_STANDARD = "gnu++14";
				CLANG_CXX_LIBRARY = "libc++";
				CLANG_ENABLE_MODULES = YES;
				CLANG_ENABLE_OBJC_ARC = YES;
				CLANG_ENABLE_OBJC_WEAK = YES;
				CLANG_WARN_BLOCK_CAPTURE_AUTORELEASING = YES;
				CLANG_WARN_BOOL_CONVERSION = YES;
				CLANG_WARN_COMMA = YES;
				CLANG_WARN_CONSTANT_CONVERSION = YES;
				CLANG_WARN_DEPRECATED_OBJC_IMPLEMENTATIONS = YES;
				CLANG_WARN_DIRECT_OBJC_ISA_USAGE = YES_ERROR;
				CLANG_WARN_DOCUMENTATION_COMMENTS = YES;
				CLANG_WARN_EMPTY_BODY = YES;
				CLANG_WARN_ENUM_CONVERSION = YES;
				CLANG_WARN_INFINITE_RECURSION = YES;
				CLANG_WARN_INT_CONVERSION = YES;
				CLANG_WARN_NON_LITERAL_NULL_CONVERSION = YES;
				CLANG_WARN_OBJC_IMPLICIT_RETAIN_SELF = YES;
				CLANG_WARN_OBJC_LITERAL_CONVERSION = YES;
				CLANG_WARN_OBJC_ROOT_CLASS = YES_ERROR;
				CLANG_WARN_QUOTED_INCLUDE_IN_FRAMEWORK_HEADER = YES;
				CLANG_WARN_RANGE_LOOP_ANALYSIS = YES;
				CLANG_WARN_STRICT_PROTOTYPES = YES;
				CLANG_WARN_SUSPICIOUS_MOVE = YES;
				CLANG_WARN_UNGUARDED_AVAILABILITY = YES_AGGRESSIVE;
				CLANG_WARN_UNREACHABLE_CODE = YES;
				CLANG_WARN__DUPLICATE_METHOD_MATCH = YES;
				COPY_PHASE_STRIP = NO;
				DEBUG_INFORMATION_FORMAT = dwarf;
				ENABLE_STRICT_OBJC_MSGSEND = YES;
				ENABLE_TESTABILITY = YES;
				GCC_C_LANGUAGE_STANDARD = gnu11;
				GCC_DYNAMIC_NO_PIC = NO;
				GCC_NO_COMMON_BLOCKS = YES;
				GCC_OPTIMIZATION_LEVEL = 0;
				GCC_PREPROCESSOR_DEFINITIONS = (
					"$(inherited)",
					"DEBUG=1",
				);
				GCC_WARN_64_TO_32_BIT_CONVERSION = YES;
				GCC_WARN_ABOUT_RETURN_TYPE = YES_ERROR;
				GCC_WARN_UNDECLARED_SELECTOR = YES;
				GCC_WARN_UNINITIALIZED_AUTOS = YES_AGGRESSIVE;
				GCC_WARN_UNUSED_FUNCTION = YES;
				GCC_WARN_UNUSED_VARIABLE = YES;
				MACOSX_DEPLOYMENT_TARGET = 14.0;
				MTL_ENABLE_DEBUG_INFO = INCLUDE_SOURCE;
				MTL_FAST_MATH = YES;
				ONLY_ACTIVE_ARCH = YES;
				PRODUCT_NAME = "$(TARGET_NAME)";
				SDKROOT = macosx;
				SWIFT_ACTIVE_COMPILATION_CONDITIONS = DEBUG;
				SWIFT_OPTIMIZATION_LEVEL = "-Onone";
				SWIFT_VERSION = 5.0;
			};
			name = Debug;
		};
		AA762B2EC713421188C34228 /* Debug */ = {
			isa = XCBuildConfiguration;
			buildSettings = {
				ASSETCATALOG_COMPILER_APPICON_NAME = AppIcon;
				CODE_SIGN_ENTITLEMENTS = Reaper/Reaper.entitlements;
				CODE_SIGN_IDENTITY = "-";
				CODE_SIGN_STYLE = Manual;
				COMBINE_HIDPI_IMAGES = YES;
				ENABLE_HARDENED_RUNTIME = NO;
				INFOPLIST_FILE = Reaper/Info.plist;
				LD_RUNPATH_SEARCH_PATHS = (
					"$(inherited)",
					"@executable_path/../Frameworks",
				);
				MACOSX_DEPLOYMENT_TARGET = 14.0;
				PRODUCT_BUNDLE_IDENTIFIER = com.reaper.app;
				SDKROOT = macosx;
				SWIFT_VERSION = 5.9;
			};
			name = Debug;
		};
		C9D0259AF6151E440B587070 /* Debug */ = {
			isa = XCBuildConfiguration;
			buildSettings = {
				BUNDLE_LOADER = "$(TEST_HOST)";
				COMBINE_HIDPI_IMAGES = YES;
				GENERATE_INFOPLIST_FILE = YES;
				LD_RUNPATH_SEARCH_PATHS = (
					"$(inherited)",
					"@executable_path/../Frameworks",
					"@loader_path/../Frameworks",
				);
				MACOSX_DEPLOYMENT_TARGET = 14.0;
				PRODUCT_BUNDLE_IDENTIFIER = com.reaper.ReaperTests;
				SDKROOT = macosx;
				SWIFT_VERSION = 5.9;
				TEST_HOST = "$(BUILT_PRODUCTS_DIR)/Reaper.app/Contents/MacOS/Reaper";
			};
			name = Debug;
		};
		CEC4F0CFF99C4D49D267F7C7 /* Release */ = {
			isa = XCBuildConfiguration;
			buildSettings = {
				BUNDLE_LOADER = "$(TEST_HOST)";
				COMBINE_HIDPI_IMAGES = YES;
				GENERATE_INFOPLIST_FILE = YES;
				LD_RUNPATH_SEARCH_PATHS = (
					"$(inherited)",
					"@executable_path/../Frameworks",
					"@loader_path/../Frameworks",
				);
				MACOSX_DEPLOYMENT_TARGET = 14.0;
				PRODUCT_BUNDLE_IDENTIFIER = com.reaper.ReaperTests;
				SDKROOT = macosx;
				SWIFT_VERSION = 5.9;
				TEST_HOST = "$(BUILT_PRODUCTS_DIR)/Reaper.app/Contents/MacOS/Reaper";
			};
			name = Release;
		};
		CFAD9D6C8B85D318355C0E61 /* Release */ = {
			isa = XCBuildConfiguration;
			buildSettings = {
				ASSETCATALOG_COMPILER_APPICON_NAME = AppIcon;
				CODE_SIGN_ENTITLEMENTS = Reaper/Reaper.entitlements;
				CODE_SIGN_IDENTITY = "-";
				CODE_SIGN_STYLE = Manual;
				COMBINE_HIDPI_IMAGES = YES;
				ENABLE_HARDENED_RUNTIME = NO;
				INFOPLIST_FILE = Reaper/Info.plist;
				LD_RUNPATH_SEARCH_PATHS = (
					"$(inherited)",
					"@executable_path/../Frameworks",
				);
				MACOSX_DEPLOYMENT_TARGET = 14.0;
				PRODUCT_BUNDLE_IDENTIFIER = com.reaper.app;
				SDKROOT = macosx;
				SWIFT_VERSION = 5.9;
			};
			name = Release;
		};
/* End XCBuildConfiguration section */

/* Begin XCConfigurationList section */
		01446E8564A938632542225B /* Build configuration list for PBXProject "Reaper" */ = {
			isa = XCConfigurationList;
			buildConfigurations = (
				6CDD785A2DE8F24A2CD7C355 /* Debug */,
				4949B274D62D68E54991DD50 /* Release */,
			);
			defaultConfigurationIsVisible = 0;
			defaultConfigurationName = Debug;
		};
		428C24F1268CAC673267AEAA /* Build configuration list for PBXNativeTarget "Reaper" */ = {
			isa = XCConfigurationList;
			buildConfigurations = (
				AA762B2EC713421188C34228 /* Debug */,
				CFAD9D6C8B85D318355C0E61 /* Release */,
			);
			defaultConfigurationIsVisible = 0;
			defaultConfigurationName = Debug;
		};
		E9957B27A85DBD79DBE588E9 /* Build configuration list for PBXNativeTarget "ReaperTests" */ = {
			isa = XCConfigurationList;
			buildConfigurations = (
				C9D0259AF6151E440B587070 /* Debug */,
				CEC4F0CFF99C4D49D267F7C7 /* Release */,
			);
			defaultConfigurationIsVisible = 0;
			defaultConfigurationName = Debug;
		};
/* End XCConfigurationList section */

/* Begin XCRemoteSwiftPackageReference section */
		75E7E43B1CF799D1DBF9C2F5 /* XCRemoteSwiftPackageReference "KeyboardShortcuts" */ = {
			isa = XCRemoteSwiftPackageReference;
			repositoryURL = "https://github.com/sindresorhus/KeyboardShortcuts";
			requirement = {
				kind = upToNextMajorVersion;
				minimumVersion = 2.0.0;
			};
		};
		D1834BC32284D10B941CC182 /* XCRemoteSwiftPackageReference "Sparkle" */ = {
			isa = XCRemoteSwiftPackageReference;
			repositoryURL = "https://github.com/sparkle-project/Sparkle";
			requirement = {
				kind = upToNextMajorVersion;
				minimumVersion = 2.6.0;
			};
		};
/* End XCRemoteSwiftPackageReference section */

/* Begin XCSwiftPackageProductDependency section */
		078DB400CE8750B89B5863D8 /* KeyboardShortcuts */ = {
			isa = XCSwiftPackageProductDependency;
			package = 75E7E43B1CF799D1DBF9C2F5 /* XCRemoteSwiftPackageReference "KeyboardShortcuts" */;
			productName = KeyboardShortcuts;
		};
		1E2549C4FAF9C7D142A69C48 /* Sparkle */ = {
			isa = XCSwiftPackageProductDependency;
			package = D1834BC32284D10B941CC182 /* XCRemoteSwiftPackageReference "Sparkle" */;
			productName = Sparkle;
		};
/* End XCSwiftPackageProductDependency section */
	};
	rootObject = 9956C294E49E420777F45699 /* Project object */;
}
